// !$*UTF8*$!
{
	archiveVersion = 1;
	classes = {
	};
	objectVersion = 50;
	objects = {

/* Begin PBXBuildFile section */
		2CD045B82361A63E00E64EE7 /* compress.c in Sources */ = {isa = PBXBuildFile; fileRef = 2CD045A92361A63E00E64EE7 /* compress.c */; };
		2CD045B92361A63E00E64EE7 /* zutil.c in Sources */ = {isa = PBXBuildFile; fileRef = 2CD045AA2361A63E00E64EE7 /* zutil.c */; };
		2CD045BA2361A63E00E64EE7 /* crc32.c in Sources */ = {isa = PBXBuildFile; fileRef = 2CD045AB2361A63E00E64EE7 /* crc32.c */; };
		2CD045BB2361A63E00E64EE7 /* inftrees.c in Sources */ = {isa = PBXBuildFile; fileRef = 2CD045AC2361A63E00E64EE7 /* inftrees.c */; };
		2CD045BC2361A63E00E64EE7 /* trees.c in Sources */ = {isa = PBXBuildFile; fileRef = 2CD045AD2361A63E00E64EE7 /* trees.c */; };
		2CD045BD2361A63E00E64EE7 /* deflate.c in Sources */ = {isa = PBXBuildFile; fileRef = 2CD045AE2361A63E00E64EE7 /* deflate.c */; };
		2CD045BE2361A63E00E64EE7 /* infback.c in Sources */ = {isa = PBXBuildFile; fileRef = 2CD045AF2361A63E00E64EE7 /* infback.c */; };
		2CD045BF2361A63E00E64EE7 /* uncompr.c in Sources */ = {isa = PBXBuildFile; fileRef = 2CD045B02361A63E00E64EE7 /* uncompr.c */; };
		2CD045C02361A63E00E64EE7 /* gzwrite.c in Sources */ = {isa = PBXBuildFile; fileRef = 2CD045B12361A63E00E64EE7 /* gzwrite.c */; };
		2CD045C12361A63E00E64EE7 /* inflate.c in Sources */ = {isa = PBXBuildFile; fileRef = 2CD045B22361A63E00E64EE7 /* inflate.c */; };
		2CD045C22361A63E00E64EE7 /* gzlib.c in Sources */ = {isa = PBXBuildFile; fileRef = 2CD045B32361A63E00E64EE7 /* gzlib.c */; };
		2CD045C32361A63E00E64EE7 /* inffast.c in Sources */ = {isa = PBXBuildFile; fileRef = 2CD045B42361A63E00E64EE7 /* inffast.c */; };
		2CD045C42361A63E00E64EE7 /* gzread.c in Sources */ = {isa = PBXBuildFile; fileRef = 2CD045B52361A63E00E64EE7 /* gzread.c */; };
		2CD045C52361A63E00E64EE7 /* adler32.c in Sources */ = {isa = PBXBuildFile; fileRef = 2CD045B62361A63E00E64EE7 /* adler32.c */; };
		2CD045C62361A63E00E64EE7 /* gzclose.c in Sources */ = {isa = PBXBuildFile; fileRef = 2CD045B72361A63E00E64EE7 /* gzclose.c */; };
/* End PBXBuildFile section */

/* Begin PBXCopyFilesBuildPhase section */
		2CD0459B2361A58400E64EE7 /* CopyFiles */ = {
			isa = PBXCopyFilesBuildPhase;
			buildActionMask = 2147483647;
			dstPath = "include/$(PRODUCT_NAME)";
			dstSubfolderSpec = 16;
			files = (
			);
			runOnlyForDeploymentPostprocessing = 0;
		};
/* End PBXCopyFilesBuildPhase section */

/* Begin PBXFileReference section */
		2CD0459D2361A58400E64EE7 /* libzlib.a */ = {isa = PBXFileReference; explicitFileType = archive.ar; includeInIndex = 0; path = libzlib.a; sourceTree = BUILT_PRODUCTS_DIR; };
		2CD045A92361A63E00E64EE7 /* compress.c */ = {isa = PBXFileReference; fileEncoding = 4; lastKnownFileType = sourcecode.c.c; name = compress.c; path = ../../../compress.c; sourceTree = "<group>"; };
		2CD045AA2361A63E00E64EE7 /* zutil.c */ = {isa = PBXFileReference; fileEncoding = 4; lastKnownFileType = sourcecode.c.c; name = zutil.c; path = ../../../zutil.c; sourceTree = "<group>"; };
		2CD045AB2361A63E00E64EE7 /* crc32.c */ = {isa = PBXFileReference; fileEncoding = 4; lastKnownFileType = sourcecode.c.c; name = crc32.c; path = ../../../crc32.c; sourceTree = "<group>"; };
		2CD045AC2361A63E00E64EE7 /* inftrees.c */ = {isa = PBXFileReference; fileEncoding = 4; lastKnownFileType = sourcecode.c.c; name = inftrees.c; path = ../../../inftrees.c; sourceTree = "<group>"; };
		2CD045AD2361A63E00E64EE7 /* trees.c */ = {isa = PBXFileReference; fileEncoding = 4; lastKnownFileType = sourcecode.c.c; name = trees.c; path = ../../../trees.c; sourceTree = "<group>"; };
		2CD045AE2361A63E00E64EE7 /* deflate.c */ = {isa = PBXFileReference; fileEncoding = 4; lastKnownFileType = sourcecode.c.c; name = deflate.c; path = ../../../deflate.c; sourceTree = "<group>"; };
		2CD045AF2361A63E00E64EE7 /* infback.c */ = {isa = PBXFileReference; fileEncoding = 4; lastKnownFileType = sourcecode.c.c; name = infback.c; path = ../../../infback.c; sourceTree = "<group>"; };
		2CD045B02361A63E00E64EE7 /* uncompr.c */ = {isa = PBXFileReference; fileEncoding = 4; lastKnownFileType = sourcecode.c.c; name = uncompr.c; path = ../../../uncompr.c; sourceTree = "<group>"; };
		2CD045B12361A63E00E64EE7 /* gzwrite.c */ = {isa = PBXFileReference; fileEncoding = 4; lastKnownFileType = sourcecode.c.c; name = gzwrite.c; path = ../../../gzwrite.c; sourceTree = "<group>"; };
		2CD045B22361A63E00E64EE7 /* inflate.c */ = {isa = PBXFileReference; fileEncoding = 4; lastKnownFileType = sourcecode.c.c; name = inflate.c; path = ../../../inflate.c; sourceTree = "<group>"; };
		2CD045B32361A63E00E64EE7 /* gzlib.c */ = {isa = PBXFileReference; fileEncoding = 4; lastKnownFileType = sourcecode.c.c; name = gzlib.c; path = ../../../gzlib.c; sourceTree = "<group>"; };
		2CD045B42361A63E00E64EE7 /* inffast.c */ = {isa = PBXFileReference; fileEncoding = 4; lastKnownFileType = sourcecode.c.c; name = inffast.c; path = ../../../inffast.c; sourceTree = "<group>"; };
		2CD045B52361A63E00E64EE7 /* gzread.c */ = {isa = PBXFileReference; fileEncoding = 4; lastKnownFileType = sourcecode.c.c; name = gzread.c; path = ../../../gzread.c; sourceTree = "<group>"; };
		2CD045B62361A63E00E64EE7 /* adler32.c */ = {isa = PBXFileReference; fileEncoding = 4; lastKnownFileType = sourcecode.c.c; name = adler32.c; path = ../../../adler32.c; sourceTree = "<group>"; };
		2CD045B72361A63E00E64EE7 /* gzclose.c */ = {isa = PBXFileReference; fileEncoding = 4; lastKnownFileType = sourcecode.c.c; name = gzclose.c; path = ../../../gzclose.c; sourceTree = "<group>"; };
/* End PBXFileReference section */

/* Begin PBXFrameworksBuildPhase section */
		2CD0459A2361A58400E64EE7 /* Frameworks */ = {
			isa = PBXFrameworksBuildPhase;
			buildActionMask = 2147483647;
			files = (
			);
			runOnlyForDeploymentPostprocessing = 0;
		};
/* End PBXFrameworksBuildPhase section */

/* Begin PBXGroup section */
		2CD045942361A58400E64EE7 = {
			isa = PBXGroup;
			children = (
				2CD0459F2361A58400E64EE7 /* zlib */,
				2CD0459E2361A58400E64EE7 /* Products */,
			);
			sourceTree = "<group>";
		};
		2CD0459E2361A58400E64EE7 /* Products */ = {
			isa = PBXGroup;
			children = (
				2CD0459D2361A58400E64EE7 /* libzlib.a */,
			);
			name = Products;
			sourceTree = "<group>";
		};
		2CD0459F2361A58400E64EE7 /* zlib */ = {
			isa = PBXGroup;
			children = (
				2CD045B62361A63E00E64EE7 /* adler32.c */,
				2CD045A92361A63E00E64EE7 /* compress.c */,
				2CD045AB2361A63E00E64EE7 /* crc32.c */,
				2CD045AE2361A63E00E64EE7 /* deflate.c */,
				2CD045B72361A63E00E64EE7 /* gzclose.c */,
				2CD045B32361A63E00E64EE7 /* gzlib.c */,
				2CD045B52361A63E00E64EE7 /* gzread.c */,
				2CD045B12361A63E00E64EE7 /* gzwrite.c */,
				2CD045AF2361A63E00E64EE7 /* infback.c */,
				2CD045B42361A63E00E64EE7 /* inffast.c */,
				2CD045B22361A63E00E64EE7 /* inflate.c */,
				2CD045AC2361A63E00E64EE7 /* inftrees.c */,
				2CD045AD2361A63E00E64EE7 /* trees.c */,
				2CD045B02361A63E00E64EE7 /* uncompr.c */,
				2CD045AA2361A63E00E64EE7 /* zutil.c */,
			);
			path = zlib;
			sourceTree = "<group>";
		};
/* End PBXGroup section */

/* Begin PBXNativeTarget section */
		2CD0459C2361A58400E64EE7 /* zlib */ = {
			isa = PBXNativeTarget;
			buildConfigurationList = 2CD045A62361A58400E64EE7 /* Build configuration list for PBXNativeTarget "zlib" */;
			buildPhases = (
				2CD045992361A58400E64EE7 /* Sources */,
				2CD0459A2361A58400E64EE7 /* Frameworks */,
				2CD0459B2361A58400E64EE7 /* CopyFiles */,
			);
			buildRules = (
			);
			dependencies = (
			);
			name = zlib;
			productName = zlib;
			productReference = 2CD0459D2361A58400E64EE7 /* libzlib.a */;
			productType = "com.apple.product-type.library.static";
		};
/* End PBXNativeTarget section */

/* Begin PBXProject section */
		2CD045952361A58400E64EE7 /* Project object */ = {
			isa = PBXProject;
			attributes = {
				LastUpgradeCheck = 1110;
				ORGANIZATIONNAME = cppfw;
				TargetAttributes = {
					2CD0459C2361A58400E64EE7 = {
						CreatedOnToolsVersion = 11.1;
					};
				};
			};
			buildConfigurationList = 2CD045982361A58400E64EE7 /* Build configuration list for PBXProject "zlib" */;
			compatibilityVersion = "Xcode 9.3";
			developmentRegion = en;
			hasScannedForEncodings = 0;
			knownRegions = (
				en,
				Base,
			);
			mainGroup = 2CD045942361A58400E64EE7;
			productRefGroup = 2CD0459E2361A58400E64EE7 /* Products */;
			projectDirPath = "";
			projectRoot = "";
			targets = (
				2CD0459C2361A58400E64EE7 /* zlib */,
			);
		};
/* End PBXProject section */

/* Begin PBXSourcesBuildPhase section */
		2CD045992361A58400E64EE7 /* Sources */ = {
			isa = PBXSourcesBuildPhase;
			buildActionMask = 2147483647;
			files = (
				2CD045BA2361A63E00E64EE7 /* crc32.c in Sources */,
				2CD045BD2361A63E00E64EE7 /* deflate.c in Sources */,
				2CD045BE2361A63E00E64EE7 /* infback.c in Sources */,
				2CD045C62361A63E00E64EE7 /* gzclose.c in Sources */,
				2CD045C02361A63E00E64EE7 /* gzwrite.c in Sources */,
				2CD045B92361A63E00E64EE7 /* zutil.c in Sources */,
				2CD045C32361A63E00E64EE7 /* inffast.c in Sources */,
				2CD045B82361A63E00E64EE7 /* compress.c in Sources */,
				2CD045BC2361A63E00E64EE7 /* trees.c in Sources */,
				2CD045C22361A63E00E64EE7 /* gzlib.c in Sources */,
				2CD045BF2361A63E00E64EE7 /* uncompr.c in Sources */,
				2CD045C42361A63E00E64EE7 /* gzread.c in Sources */,
				2CD045C52361A63E00E64EE7 /* adler32.c in Sources */,
				2CD045BB2361A63E00E64EE7 /* inftrees.c in Sources */,
				2CD045C12361A63E00E64EE7 /* inflate.c in Sources */,
			);
			runOnlyForDeploymentPostprocessing = 0;
		};
/* End PBXSourcesBuildPhase section */

/* Begin XCBuildConfiguration section */
		2CD045A42361A58400E64EE7 /* Debug */ = {
			isa = XCBuildConfiguration;
			buildSettings = {
				ALWAYS_SEARCH_USER_PATHS = NO;
				CLANG_ANALYZER_NONNULL = YES;
				CLANG_ANALYZER_NUMBER_OBJECT_CONVERSION = YES_AGGRESSIVE;
				CLANG_CXX_LANGUAGE_STANDARD = "gnu++14";
				CLANG_CXX_LIBRARY = "libc++";
				CLANG_ENABLE_MODULES = YES;
				CLANG_ENABLE_OBJC_ARC = YES;
				CLANG_ENABLE_OBJC_WEAK = YES;
				CLANG_WARN_BLOCK_CAPTURE_AUTORELEASING = YES;
				CLANG_WARN_BOOL_CONVERSION = YES;
				CLANG_WARN_COMMA = YES;
				CLANG_WARN_CONSTANT_CONVERSION = YES;
				CLANG_WARN_DEPRECATED_OBJC_IMPLEMENTATIONS = YES;
				CLANG_WARN_DIRECT_OBJC_ISA_USAGE = YES_ERROR;
				CLANG_WARN_DOCUMENTATION_COMMENTS = YES;
				CLANG_WARN_EMPTY_BODY = YES;
				CLANG_WARN_ENUM_CONVERSION = YES;
				CLANG_WARN_INFINITE_RECURSION = YES;
				CLANG_WARN_INT_CONVERSION = YES;
				CLANG_WARN_NON_LITERAL_NULL_CONVERSION = YES;
				CLANG_WARN_OBJC_IMPLICIT_RETAIN_SELF = YES;
				CLANG_WARN_OBJC_LITERAL_CONVERSION = YES;
				CLANG_WARN_OBJC_ROOT_CLASS = YES_ERROR;
				CLANG_WARN_RANGE_LOOP_ANALYSIS = YES;
				CLANG_WARN_STRICT_PROTOTYPES = YES;
				CLANG_WARN_SUSPICIOUS_MOVE = YES;
				CLANG_WARN_UNGUARDED_AVAILABILITY = YES_AGGRESSIVE;
				CLANG_WARN_UNREACHABLE_CODE = YES;
				CLANG_WARN__DUPLICATE_METHOD_MATCH = YES;
				COPY_PHASE_STRIP = NO;
				DEBUG_INFORMATION_FORMAT = dwarf;
				ENABLE_STRICT_OBJC_MSGSEND = YES;
				ENABLE_TESTABILITY = YES;
				GCC_C_LANGUAGE_STANDARD = gnu11;
				GCC_DYNAMIC_NO_PIC = NO;
				GCC_NO_COMMON_BLOCKS = YES;
				GCC_OPTIMIZATION_LEVEL = 0;
				GCC_PREPROCESSOR_DEFINITIONS = (
					"DEBUG=1",
					"$(inherited)",
				);
				GCC_WARN_64_TO_32_BIT_CONVERSION = YES;
				GCC_WARN_ABOUT_RETURN_TYPE = YES_ERROR;
				GCC_WARN_UNDECLARED_SELECTOR = YES;
				GCC_WARN_UNINITIALIZED_AUTOS = YES_AGGRESSIVE;
				GCC_WARN_UNUSED_FUNCTION = YES;
				GCC_WARN_UNUSED_VARIABLE = YES;
				IPHONEOS_DEPLOYMENT_TARGET = 13.1;
				MTL_ENABLE_DEBUG_INFO = INCLUDE_SOURCE;
				MTL_FAST_MATH = YES;
				ONLY_ACTIVE_ARCH = YES;
				SDKROOT = iphoneos;
			};
			name = Debug;
		};
		2CD045A52361A58400E64EE7 /* Release */ = {
			isa = XCBuildConfiguration;
			buildSettings = {
				ALWAYS_SEARCH_USER_PATHS = NO;
				CLANG_ANALYZER_NONNULL = YES;
				CLANG_ANALYZER_NUMBER_OBJECT_CONVERSION = YES_AGGRESSIVE;
				CLANG_CXX_LANGUAGE_STANDARD = "gnu++14";
				CLANG_CXX_LIBRARY = "libc++";
				CLANG_ENABLE_MODULES = YES;
				CLANG_ENABLE_OBJC_ARC = YES;
				CLANG_ENABLE_OBJC_WEAK = YES;
				CLANG_WARN_BLOCK_CAPTURE_AUTORELEASING = YES;
				CLANG_WARN_BOOL_CONVERSION = YES;
				CLANG_WARN_COMMA = YES;
				CLANG_WARN_CONSTANT_CONVERSION = YES;
				CLANG_WARN_DEPRECATED_OBJC_IMPLEMENTATIONS = YES;
				CLANG_WARN_DIRECT_OBJC_ISA_USAGE = YES_ERROR;
				CLANG_WARN_DOCUMENTATION_COMMENTS = YES;
				CLANG_WARN_EMPTY_BODY = YES;
				CLANG_WARN_ENUM_CONVERSION = YES;
				CLANG_WARN_INFINITE_RECURSION = YES;
				CLANG_WARN_INT_CONVERSION = YES;
				CLANG_WARN_NON_LITERAL_NULL_CONVERSION = YES;
				CLANG_WARN_OBJC_IMPLICIT_RETAIN_SELF = YES;
				CLANG_WARN_OBJC_LITERAL_CONVERSION = YES;
				CLANG_WARN_OBJC_ROOT_CLASS = YES_ERROR;
				CLANG_WARN_RANGE_LOOP_ANALYSIS = YES;
				CLANG_WARN_STRICT_PROTOTYPES = YES;
				CLANG_WARN_SUSPICIOUS_MOVE = YES;
				CLANG_WARN_UNGUARDED_AVAILABILITY = YES_AGGRESSIVE;
				CLANG_WARN_UNREACHABLE_CODE = YES;
				CLANG_WARN__DUPLICATE_METHOD_MATCH = YES;
				COPY_PHASE_STRIP = NO;
				DEBUG_INFORMATION_FORMAT = "dwarf-with-dsym";
				ENABLE_NS_ASSERTIONS = NO;
				ENABLE_STRICT_OBJC_MSGSEND = YES;
				GCC_C_LANGUAGE_STANDARD = gnu11;
				GCC_NO_COMMON_BLOCKS = YES;
				GCC_WARN_64_TO_32_BIT_CONVERSION = YES;
				GCC_WARN_ABOUT_RETURN_TYPE = YES_ERROR;
				GCC_WARN_UNDECLARED_SELECTOR = YES;
				GCC_WARN_UNINITIALIZED_AUTOS = YES_AGGRESSIVE;
				GCC_WARN_UNUSED_FUNCTION = YES;
				GCC_WARN_UNUSED_VARIABLE = YES;
				IPHONEOS_DEPLOYMENT_TARGET = 13.1;
				MTL_ENABLE_DEBUG_INFO = NO;
				MTL_FAST_MATH = YES;
				SDKROOT = iphoneos;
				VALIDATE_PRODUCT = YES;
			};
			name = Release;
		};
		2CD045A72361A58400E64EE7 /* Debug */ = {
			isa = XCBuildConfiguration;
			buildSettings = {
				CLANG_ENABLE_MODULES = NO;
				CODE_SIGN_STYLE = Automatic;
				GCC_PREPROCESSOR_DEFINITIONS = (
					Z_HAVE_UNISTD_H,
					"$(inherited)",
				);
				IPHONEOS_DEPLOYMENT_TARGET = 8.0;
				OTHER_LDFLAGS = "$(inherited)";
				PRODUCT_NAME = "$(TARGET_NAME)";
				SKIP_INSTALL = YES;
				SUPPORTS_MACCATALYST = NO;
				TARGETED_DEVICE_FAMILY = "1,2";
			};
			name = Debug;
		};
		2CD045A82361A58400E64EE7 /* Release */ = {
			isa = XCBuildConfiguration;
			buildSettings = {
				CLANG_ENABLE_MODULES = NO;
				CODE_SIGN_STYLE = Automatic;
				GCC_PREPROCESSOR_DEFINITIONS = (
					Z_HAVE_UNISTD_H,
					"$(inherited)",
				);
				IPHONEOS_DEPLOYMENT_TARGET = 8.0;
				OTHER_LDFLAGS = "$(inherited)";
				PRODUCT_NAME = "$(TARGET_NAME)";
				SKIP_INSTALL = YES;
				SUPPORTS_MACCATALYST = NO;
				TARGETED_DEVICE_FAMILY = "1,2";
			};
			name = Release;
		};
/* End XCBuildConfiguration section */

/* Begin XCConfigurationList section */
		2CD045982361A58400E64EE7 /* Build configuration list for PBXProject "zlib" */ = {
			isa = XCConfigurationList;
			buildConfigurations = (
				2CD045A42361A58400E64EE7 /* Debug */,
				2CD045A52361A58400E64EE7 /* Release */,
			);
			defaultConfigurationIsVisible = 0;
			defaultConfigurationName = Release;
		};
		2CD045A62361A58400E64EE7 /* Build configuration list for PBXNativeTarget "zlib" */ = {
			isa = XCConfigurationList;
			buildConfigurations = (
				2CD045A72361A58400E64EE7 /* Debug */,
				2CD045A82361A58400E64EE7 /* Release */,
			);
			defaultConfigurationIsVisible = 0;
			defaultConfigurationName = Release;
		};
/* End XCConfigurationList section */
	};
	rootObject = 2CD045952361A58400E64EE7 /* Project object */;
}
